
Microsoft Visual Studio Solution File, Format Version 12.00
# Visual Studio Version 16
VisualStudioVersion = 16.0.31005.135
MinimumVisualStudioVersion = 10.0.40219.1
Project("{8BC9CEB8-8B4A-11D0-8D11-00A0C91BC942}") = "Direct3D9", "Diogenes\Diogenes.vcxproj", "{DE2C763D-8446-4AC8-8A0B-81DF55B58A7D}"
EndProject
Project("{8BC9CEB8-8B4A-11D0-8D11-00A0C91BC942}") = "ImGui", "imGui\imGui.vcxproj", "{0A0BA35A-36AE-4932-B250-7135D75C00ED}"
EndProject
Global
	GlobalSection(SolutionConfigurationPlatforms) = preSolution
		Debug|x64 = Debug|x64
		Debug|x86 = Debug|x86
		Release|x64 = Release|x64
		Release|x86 = Release|x86
	EndGlobalSection
	GlobalSection(ProjectConfigurationPlatforms) = postSolution
		{DE2C763D-8446-4AC8-8A0B-81DF55B58A7D}.Debug|x64.ActiveCfg = Debug|x64
		{DE2C763D-8446-4AC8-8A0B-81DF55B58A7D}.Debug|x64.Build.0 = Debug|x64
		{DE2C763D-8446-4AC8-8A0B-81DF55B58A7D}.Debug|x86.ActiveCfg = Debug|Win32
		{DE2C763D-8446-4AC8-8A0B-81DF55B58A7D}.Debug|x86.Build.0 = Debug|Win32
		{DE2C763D-8446-4AC8-8A0B-81DF55B58A7D}.Release|x64.ActiveCfg = Release|x64
		{DE2C763D-8446-4AC8-8A0B-81DF55B58A7D}.Release|x64.Build.0 = Release|x64
		{DE2C763D-8446-4AC8-8A0B-81DF55B58A7D}.Release|x86.ActiveCfg = Release|Win32
		{DE2C763D-8446-4AC8-8A0B-81DF55B58A7D}.Release|x86.Build.0 = Release|Win32
		{0A0BA35A-36AE-4932-B250-7135D75C00ED}.Debug|x64.ActiveCfg = Debug|x64
		{0A0BA35A-36AE-4932-B250-7135D75C00ED}.Debug|x64.Build.0 = Debug|x64
		{0A0BA35A-36AE-4932-B250-7135D75C00ED}.Debug|x86.ActiveCfg = Debug|Win32
		{0A0BA35A-36AE-4932-B250-7135D75C00ED}.Debug|x86.Build.0 = Debug|Win32
		{0A0BA35A-36AE-4932-B250-7135D75C00ED}.Release|x64.ActiveCfg = Release|x64
		{0A0BA35A-36AE-4932-B250-7135D75C00ED}.Release|x64.Build.0 = Release|x64
		{0A0BA35A-36AE-4932-B250-7135D75C00ED}.Release|x86.ActiveCfg = Release|Win32
		{0A0BA35A-36AE-4932-B250-7135D75C00ED}.Release|x86.Build.0 = Release|Win32
	EndGlobalSection
	GlobalSection(SolutionProperties) = preSolution
		HideSolutionNode = FALSE
	EndGlobalSection
	GlobalSection(ExtensibilityGlobals) = postSolution
		SolutionGuid = {F59AB12C-5895-4B8B-BCC6-FD160C585E3D}
	EndGlobalSection
EndGlobal
